// !$*UTF8*$!
{
	archiveVersion = 1;
	classes = {
	};
	objectVersion = 77;
	objects = {

/* Begin PBXFileReference section */
		0D60FD202F6280E70008DFFC /* DaysOne-Regular.ttf */ = {isa = PBXFileReference; lastKnownFileType = file; path = "DaysOne-Regular.ttf"; sourceTree = "<group>"; };
		0D60FD222F6280E70008DFFC /* Inter_18pt-Black.ttf */ = {isa = PBXFileReference; lastKnownFileType = file; path = "Inter_18pt-Black.ttf"; sourceTree = "<group>"; };
		0D60FD242F6280E70008DFFC /* Inter_18pt-Bold.ttf */ = {isa = PBXFileReference; lastKnownFileType = file; path = "Inter_18pt-Bold.ttf"; sourceTree = "<group>"; };
		0D60FD262F6280E70008DFFC /* Inter_18pt-Medium.ttf */ = {isa = PBXFileReference; lastKnownFileType = file; path = "Inter_18pt-Medium.ttf"; sourceTree = "<group>"; };
		0D60FD282F6280E70008DFFC /* Inter_18pt-Regular.ttf */ = {isa = PBXFileReference; lastKnownFileType = file; path = "Inter_18pt-Regular.ttf"; sourceTree = "<group>"; };
		0D60FD2A2F6280E70008DFFC /* Jost-Black.ttf */ = {isa = PBXFileReference; lastKnownFileType = file; path = "Jost-Black.ttf"; sourceTree = "<group>"; };
		0D60FD2C2F6280E70008DFFC /* Jost-Bold.ttf */ = {isa = PBXFileReference; lastKnownFileType = file; path = "Jost-Bold.ttf"; sourceTree = "<group>"; };
		0D60FD302F6280E70008DFFC /* OnboardingCoordinator.swift */ = {isa = PBXFileReference; lastKnownFileType = sourcecode.swift; path = OnboardingCoordinator.swift; sourceTree = "<group>"; };
		0D60FD342F6280E70008DFFC /* BeginCommunitySearchView.swift */ = {isa = PBXFileReference; lastKnownFileType = sourcecode.swift; path = BeginCommunitySearchView.swift; sourceTree = "<group>"; };
		0D60FD362F6280E70008DFFC /* CreateAccountView.swift */ = {isa = PBXFileReference; lastKnownFileType = sourcecode.swift; path = CreateAccountView.swift; sourceTree = "<group>"; };
		0D60FD382F6280E70008DFFC /* CustomizedProfileView.swift */ = {isa = PBXFileReference; lastKnownFileType = sourcecode.swift; path = CustomizedProfileView.swift; sourceTree = "<group>"; };
		0D60FD3A2F6280E70008DFFC /* CustomizedProfileView2.swift */ = {isa = PBXFileReference; lastKnownFileType = sourcecode.swift; path = CustomizedProfileView2.swift; sourceTree = "<group>"; };
		0D60FD3C2F6280E70008DFFC /* CustomizePFPView.swift */ = {isa = PBXFileReference; lastKnownFileType = sourcecode.swift; path = CustomizePFPView.swift; sourceTree = "<group>"; };
		0D60FD3E2F6280E70008DFFC /* JoinCommunityView.swift */ = {isa = PBXFileReference; lastKnownFileType = sourcecode.swift; path = JoinCommunityView.swift; sourceTree = "<group>"; };
		0D60FD402F6280E70008DFFC /* MeetYourCommunityView.swift */ = {isa = PBXFileReference; lastKnownFileType = sourcecode.swift; path = MeetYourCommunityView.swift; sourceTree = "<group>"; };
		0D60FD422F6280E70008DFFC /* Onboard1View.swift */ = {isa = PBXFileReference; lastKnownFileType = sourcecode.swift; path = Onboard1View.swift; sourceTree = "<group>"; };
		0D60FD442F6280E70008DFFC /* Onboard2View.swift */ = {isa = PBXFileReference; lastKnownFileType = sourcecode.swift; path = Onboard2View.swift; sourceTree = "<group>"; };
		0D60FD462F6280E70008DFFC /* Onboard3View.swift */ = {isa = PBXFileReference; lastKnownFileType = sourcecode.swift; path = Onboard3View.swift; sourceTree = "<group>"; };
		0D60FD482F6280E70008DFFC /* SelectedCommunityView.swift */ = {isa = PBXFileReference; lastKnownFileType = sourcecode.swift; path = SelectedCommunityView.swift; sourceTree = "<group>"; };
		0D60FD4A2F6280E70008DFFC /* TermsAndConditionsView.swift */ = {isa = PBXFileReference; lastKnownFileType = sourcecode.swift; path = TermsAndConditionsView.swift; sourceTree = "<group>"; };
		0D60FD4C2F6280E70008DFFC /* VerifyAccountView.swift */ = {isa = PBXFileReference; lastKnownFileType = sourcecode.swift; path = VerifyAccountView.swift; sourceTree = "<group>"; };
		0D60FD4E2F6280E70008DFFC /* WelcomeSignUpView.swift */ = {isa = PBXFileReference; lastKnownFileType = sourcecode.swift; path = WelcomeSignUpView.swift; sourceTree = "<group>"; };
		0D60FD522F6280E70008DFFC /* SharedComponents.swift */ = {isa = PBXFileReference; lastKnownFileType = sourcecode.swift; path = SharedComponents.swift; sourceTree = "<group>"; };
		0D60FD562F6280E70008DFFC /* Assets.xcassets */ = {isa = PBXFileReference; lastKnownFileType = folder.assetcatalog; path = Assets.xcassets; sourceTree = "<group>"; };
		0D60FD582F6280E70008DFFC /* ContentView.swift */ = {isa = PBXFileReference; lastKnownFileType = sourcecode.swift; path = ContentView.swift; sourceTree = "<group>"; };
		0D60FD5A2F6280E70008DFFC /* onbroading_remainApp.swift */ = {isa = PBXFileReference; lastKnownFileType = sourcecode.swift; path = onbroading_remainApp.swift; sourceTree = "<group>"; };
		0DB777112F5D89080090E94F /* onbroading_remain.app */ = {isa = PBXFileReference; explicitFileType = wrapper.application; includeInIndex = 0; path = onbroading_remain.app; sourceTree = BUILT_PRODUCTS_DIR; };
/* End PBXFileReference section */

/* Begin PBXFrameworksBuildPhase section */
		0DB7770E2F5D89080090E94F /* Frameworks */ = {
			isa = PBXFrameworksBuildPhase;
			buildActionMask = 2147483647;
			files = (
			);
			runOnlyForDeploymentPostprocessing = 0;
		};
/* End PBXFrameworksBuildPhase section */

/* Begin PBXGroup section */
		0D60FD2E2F6280E70008DFFC /* Fonts */ = {
			isa = PBXGroup;
			children = (
				0D60FD202F6280E70008DFFC /* DaysOne-Regular.ttf */,
				0D60FD222F6280E70008DFFC /* Inter_18pt-Black.ttf */,
				0D60FD242F6280E70008DFFC /* Inter_18pt-Bold.ttf */,
				0D60FD262F6280E70008DFFC /* Inter_18pt-Medium.ttf */,
				0D60FD282F6280E70008DFFC /* Inter_18pt-Regular.ttf */,
				0D60FD2A2F6280E70008DFFC /* Jost-Black.ttf */,
				0D60FD2C2F6280E70008DFFC /* Jost-Bold.ttf */,
			);
			path = Fonts;
			sourceTree = "<group>";
		};
		0D60FD322F6280E70008DFFC /* Navigation */ = {
			isa = PBXGroup;
			children = (
				0D60FD302F6280E70008DFFC /* OnboardingCoordinator.swift */,
			);
			path = Navigation;
			sourceTree = "<group>";
		};
		0D60FD502F6280E70008DFFC /* Onboarding */ = {
			isa = PBXGroup;
			children = (
				0D60FD342F6280E70008DFFC /* BeginCommunitySearchView.swift */,
				0D60FD362F6280E70008DFFC /* CreateAccountView.swift */,
				0D60FD382F6280E70008DFFC /* CustomizedProfileView.swift */,
				0D60FD3A2F6280E70008DFFC /* CustomizedProfileView2.swift */,
				0D60FD3C2F6280E70008DFFC /* CustomizePFPView.swift */,
				0D60FD3E2F6280E70008DFFC /* JoinCommunityView.swift */,
				0D60FD402F6280E70008DFFC /* MeetYourCommunityView.swift */,
				0D60FD422F6280E70008DFFC /* Onboard1View.swift */,
				0D60FD442F6280E70008DFFC /* Onboard2View.swift */,
				0D60FD462F6280E70008DFFC /* Onboard3View.swift */,
				0D60FD482F6280E70008DFFC /* SelectedCommunityView.swift */,
				0D60FD4A2F6280E70008DFFC /* TermsAndConditionsView.swift */,
				0D60FD4C2F6280E70008DFFC /* VerifyAccountView.swift */,
				0D60FD4E2F6280E70008DFFC /* WelcomeSignUpView.swift */,
			);
			path = Onboarding;
			sourceTree = "<group>";
		};
		0D60FD542F6280E70008DFFC /* Shared */ = {
			isa = PBXGroup;
			children = (
				0D60FD522F6280E70008DFFC /* SharedComponents.swift */,
			);
			path = Shared;
			sourceTree = "<group>";
		};
		0D60FD5C2F6280E70008DFFC /* onboarding_remain */ = {
			isa = PBXGroup;
			children = (
				0D60FD2E2F6280E70008DFFC /* Fonts */,
				0D60FD322F6280E70008DFFC /* Navigation */,
				0D60FD502F6280E70008DFFC /* Onboarding */,
				0D60FD542F6280E70008DFFC /* Shared */,
				0D60FD562F6280E70008DFFC /* Assets.xcassets */,
				0D60FD582F6280E70008DFFC /* ContentView.swift */,
				0D60FD5A2F6280E70008DFFC /* onbroading_remainApp.swift */,
			);
			path = onboarding_remain;
			sourceTree = "<group>";
		};
		0DB777082F5D89080090E94F = {
			isa = PBXGroup;
			children = (
				0D60FD5C2F6280E70008DFFC /* onboarding_remain */,
				0DB777122F5D89080090E94F /* Products */,
			);
			sourceTree = "<group>";
		};
		0DB777122F5D89080090E94F /* Products */ = {
			isa = PBXGroup;
			children = (
				0DB777112F5D89080090E94F /* onbroading_remain.app */,
			);
			name = Products;
			sourceTree = "<group>";
		};
/* End PBXGroup section */

/* Begin PBXNativeTarget section */
		0DB777102F5D89080090E94F /* onbroading_remain */ = {
			isa = PBXNativeTarget;
			buildConfigurationList = 0DB7771C2F5D89090090E94F /* Build configuration list for PBXNativeTarget "onbroading_remain" */;
			buildPhases = (
				0DB7770D2F5D89080090E94F /* Sources */,
				0DB7770E2F5D89080090E94F /* Frameworks */,
				0DB7770F2F5D89080090E94F /* Resources */,
			);
			buildRules = (
			);
			dependencies = (
			);
			name = onbroading_remain;
			packageProductDependencies = (
			);
			productName = onbroading_remain;
			productReference = 0DB777112F5D89080090E94F /* onbroading_remain.app */;
			productType = "com.apple.product-type.application";
		};
/* End PBXNativeTarget section */

/* Begin PBXProject section */
		0DB777092F5D89080090E94F /* Project object */ = {
			isa = PBXProject;
			attributes = {
				BuildIndependentTargetsInParallel = 1;
				LastSwiftUpdateCheck = 2620;
				LastUpgradeCheck = 2620;
				TargetAttributes = {
					0DB777102F5D89080090E94F = {
						CreatedOnToolsVersion = 26.2;
					};
				};
			};
			buildConfigurationList = 0DB7770C2F5D89080090E94F /* Build configuration list for PBXProject "onboarding_remain" */;
			developmentRegion = en;
			hasScannedForEncodings = 0;
			knownRegions = (
				en,
				Base,
			);
			mainGroup = 0DB777082F5D89080090E94F;
			minimizedProjectReferenceProxies = 1;
			preferredProjectObjectVersion = 77;
			productRefGroup = 0DB777122F5D89080090E94F /* Products */;
			projectDirPath = "";
			projectRoot = "";
			targets = (
				0DB777102F5D89080090E94F /* onbroading_remain */,
			);
		};
/* End PBXProject section */

/* Begin PBXResourcesBuildPhase section */
		0DB7770F2F5D89080090E94F /* Resources */ = {
			isa = PBXResourcesBuildPhase;
			buildActionMask = 2147483647;
			files = (
			);
			runOnlyForDeploymentPostprocessing = 0;
		};
/* End PBXResourcesBuildPhase section */

/* Begin PBXSourcesBuildPhase section */
		0DB7770D2F5D89080090E94F /* Sources */ = {
			isa = PBXSourcesBuildPhase;
			buildActionMask = 2147483647;
			files = (
			);
			runOnlyForDeploymentPostprocessing = 0;
		};
/* End PBXSourcesBuildPhase section */

/* Begin XCBuildConfiguration section */
		0DB7771A2F5D89090090E94F /* Debug */ = {
			isa = XCBuildConfiguration;
			buildSettings = {
				ALWAYS_SEARCH_USER_PATHS = NO;
				ASSETCATALOG_COMPILER_GENERATE_SWIFT_ASSET_SYMBOL_EXTENSIONS = YES;
				CLANG_ANALYZER_NONNULL = YES;
				CLANG_ANALYZER_NUMBER_OBJECT_CONVERSION = YES_AGGRESSIVE;
				CLANG_CXX_LANGUAGE_STANDARD = "gnu++20";
				CLANG_ENABLE_MODULES = YES;
				CLANG_ENABLE_OBJC_ARC = YES;
				CLANG_ENABLE_OBJC_WEAK = YES;
				CLANG_WARN_BLOCK_CAPTURE_AUTORELEASING = YES;
				CLANG_WARN_BOOL_CONVERSION = YES;
				CLANG_WARN_COMMA = YES;
				CLANG_WARN_CONSTANT_CONVERSION = YES;
				CLANG_WARN_DEPRECATED_OBJC_IMPLEMENTATIONS = YES;
				CLANG_WARN_DIRECT_OBJC_ISA_USAGE = YES_ERROR;
				CLANG_WARN_DOCUMENTATION_COMMENTS = YES;
				CLANG_WARN_EMPTY_BODY = YES;
				CLANG_WARN_ENUM_CONVERSION = YES;
				CLANG_WARN_INFINITE_RECURSION = YES;
				CLANG_WARN_INT_CONVERSION = YES;
				CLANG_WARN_NON_LITERAL_NULL_CONVERSION = YES;
				CLANG_WARN_OBJC_IMPLICIT_RETAIN_SELF = YES;
				CLANG_WARN_OBJC_LITERAL_CONVERSION = YES;
				CLANG_WARN_OBJC_ROOT_CLASS = YES_ERROR;
				CLANG_WARN_QUOTED_INCLUDE_IN_FRAMEWORK_HEADER = YES;
				CLANG_WARN_RANGE_LOOP_ANALYSIS = YES;
				CLANG_WARN_STRICT_PROTOTYPES = YES;
				CLANG_WARN_SUSPICIOUS_MOVE = YES;
				CLANG_WARN_UNGUARDED_AVAILABILITY = YES_AGGRESSIVE;
				CLANG_WARN_UNREACHABLE_CODE = YES;
				CLANG_WARN__DUPLICATE_METHOD_MATCH = YES;
				COPY_PHASE_STRIP = NO;
				DEBUG_INFORMATION_FORMAT = dwarf;
				ENABLE_STRICT_OBJC_MSGSEND = YES;
				ENABLE_TESTABILITY = YES;
				ENABLE_USER_SCRIPT_SANDBOXING = YES;
				GCC_C_LANGUAGE_STANDARD = gnu17;
				GCC_DYNAMIC_NO_PIC = NO;
				GCC_NO_COMMON_BLOCKS = YES;
				GCC_OPTIMIZATION_LEVEL = 0;
				GCC_PREPROCESSOR_DEFINITIONS = (
					"DEBUG=1",
					"$(inherited)",
				);
				GCC_WARN_64_TO_32_BIT_CONVERSION = YES;
				GCC_WARN_ABOUT_RETURN_TYPE = YES_ERROR;
				GCC_WARN_UNDECLARED_SELECTOR = YES;
				GCC_WARN_UNINITIALIZED_AUTOS = YES_AGGRESSIVE;
				GCC_WARN_UNUSED_FUNCTION = YES;
				GCC_WARN_UNUSED_VARIABLE = YES;
				IPHONEOS_DEPLOYMENT_TARGET = 26.2;
				LOCALIZATION_PREFERS_STRING_CATALOGS = YES;
				MTL_ENABLE_DEBUG_INFO = INCLUDE_SOURCE;
				MTL_FAST_MATH = YES;
				ONLY_ACTIVE_ARCH = YES;
				SDKROOT = iphoneos;
				SWIFT_ACTIVE_COMPILATION_CONDITIONS = "DEBUG $(inherited)";
				SWIFT_OPTIMIZATION_LEVEL = "-Onone";
			};
			name = Debug;
		};
		0DB7771B2F5D89090090E94F /* Release */ = {
			isa = XCBuildConfiguration;
			buildSettings = {
				ALWAYS_SEARCH_USER_PATHS = NO;
				ASSETCATALOG_COMPILER_GENERATE_SWIFT_ASSET_SYMBOL_EXTENSIONS = YES;
				CLANG_ANALYZER_NONNULL = YES;
				CLANG_ANALYZER_NUMBER_OBJECT_CONVERSION = YES_AGGRESSIVE;
				CLANG_CXX_LANGUAGE_STANDARD = "gnu++20";
				CLANG_ENABLE_MODULES = YES;
				CLANG_ENABLE_OBJC_ARC = YES;
				CLANG_ENABLE_OBJC_WEAK = YES;
				CLANG_WARN_BLOCK_CAPTURE_AUTORELEASING = YES;
				CLANG_WARN_BOOL_CONVERSION = YES;
				CLANG_WARN_COMMA = YES;
				CLANG_WARN_CONSTANT_CONVERSION = YES;
				CLANG_WARN_DEPRECATED_OBJC_IMPLEMENTATIONS = YES;
				CLANG_WARN_DIRECT_OBJC_ISA_USAGE = YES_ERROR;
				CLANG_WARN_DOCUMENTATION_COMMENTS = YES;
				CLANG_WARN_EMPTY_BODY = YES;
				CLANG_WARN_ENUM_CONVERSION = YES;
				CLANG_WARN_INFINITE_RECURSION = YES;
				CLANG_WARN_INT_CONVERSION = YES;
				CLANG_WARN_NON_LITERAL_NULL_CONVERSION = YES;
				CLANG_WARN_OBJC_IMPLICIT_RETAIN_SELF = YES;
				CLANG_WARN_OBJC_LITERAL_CONVERSION = YES;
				CLANG_WARN_OBJC_ROOT_CLASS = YES_ERROR;
				CLANG_WARN_QUOTED_INCLUDE_IN_FRAMEWORK_HEADER = YES;
				CLANG_WARN_RANGE_LOOP_ANALYSIS = YES;
				CLANG_WARN_STRICT_PROTOTYPES = YES;
				CLANG_WARN_SUSPICIOUS_MOVE = YES;
				CLANG_WARN_UNGUARDED_AVAILABILITY = YES_AGGRESSIVE;
				CLANG_WARN_UNREACHABLE_CODE = YES;
				CLANG_WARN__DUPLICATE_METHOD_MATCH = YES;
				COPY_PHASE_STRIP = NO;
				DEBUG_INFORMATION_FORMAT = "dwarf-with-dsym";
				ENABLE_NS_ASSERTIONS = NO;
				ENABLE_STRICT_OBJC_MSGSEND = YES;
				ENABLE_USER_SCRIPT_SANDBOXING = YES;
				GCC_C_LANGUAGE_STANDARD = gnu17;
				GCC_NO_COMMON_BLOCKS = YES;
				GCC_WARN_64_TO_32_BIT_CONVERSION = YES;
				GCC_WARN_ABOUT_RETURN_TYPE = YES_ERROR;
				GCC_WARN_UNDECLARED_SELECTOR = YES;
				GCC_WARN_UNINITIALIZED_AUTOS = YES_AGGRESSIVE;
				GCC_WARN_UNUSED_FUNCTION = YES;
				GCC_WARN_UNUSED_VARIABLE = YES;
				IPHONEOS_DEPLOYMENT_TARGET = 26.2;
				LOCALIZATION_PREFERS_STRING_CATALOGS = YES;
				MTL_ENABLE_DEBUG_INFO = NO;
				MTL_FAST_MATH = YES;
				SDKROOT = iphoneos;
				SWIFT_COMPILATION_MODE = wholemodule;
				VALIDATE_PRODUCT = YES;
			};
			name = Release;
		};
		0DB7771D2F5D89090090E94F /* Debug */ = {
			isa = XCBuildConfiguration;
			buildSettings = {
				ASSETCATALOG_COMPILER_APPICON_NAME = AppIcon;
				ASSETCATALOG_COMPILER_GLOBAL_ACCENT_COLOR_NAME = AccentColor;
				CODE_SIGN_STYLE = Automatic;
				CURRENT_PROJECT_VERSION = 1;
				ENABLE_PREVIEWS = YES;
				GENERATE_INFOPLIST_FILE = YES;
				INFOPLIST_FILE = "onboarding-remain-Info.plist";
				INFOPLIST_KEY_UIApplicationSceneManifest_Generation = YES;
				INFOPLIST_KEY_UIApplicationSupportsIndirectInputEvents = YES;
				INFOPLIST_KEY_UILaunchScreen_Generation = YES;
				INFOPLIST_KEY_UISupportedInterfaceOrientations_iPad = "UIInterfaceOrientationPortrait UIInterfaceOrientationPortraitUpsideDown UIInterfaceOrientationLandscapeLeft UIInterfaceOrientationLandscapeRight";
				INFOPLIST_KEY_UISupportedInterfaceOrientations_iPhone = "UIInterfaceOrientationPortrait UIInterfaceOrientationLandscapeLeft UIInterfaceOrientationLandscapeRight";
				LD_RUNPATH_SEARCH_PATHS = (
					"$(inherited)",
					"@executable_path/Frameworks",
				);
				MARKETING_VERSION = 1.0;
				PRODUCT_BUNDLE_IDENTIFIER = "Claire-Shen-iloveyou-.onbroading-remain";
				PRODUCT_NAME = "$(TARGET_NAME)";
				STRING_CATALOG_GENERATE_SYMBOLS = YES;
				SWIFT_APPROACHABLE_CONCURRENCY = YES;
				SWIFT_DEFAULT_ACTOR_ISOLATION = MainActor;
				SWIFT_EMIT_LOC_STRINGS = YES;
				SWIFT_UPCOMING_FEATURE_MEMBER_IMPORT_VISIBILITY = YES;
				SWIFT_VERSION = 5.0;
				TARGETED_DEVICE_FAMILY = "1,2";
			};
			name = Debug;
		};
		0DB7771E2F5D89090090E94F /* Release */ = {
			isa = XCBuildConfiguration;
			buildSettings = {
				ASSETCATALOG_COMPILER_APPICON_NAME = AppIcon;
				ASSETCATALOG_COMPILER_GLOBAL_ACCENT_COLOR_NAME = AccentColor;
				CODE_SIGN_STYLE = Automatic;
				CURRENT_PROJECT_VERSION = 1;
				ENABLE_PREVIEWS = YES;
				GENERATE_INFOPLIST_FILE = YES;
				INFOPLIST_FILE = "onboarding-remain-Info.plist";
				INFOPLIST_KEY_UIApplicationSceneManifest_Generation = YES;
				INFOPLIST_KEY_UIApplicationSupportsIndirectInputEvents = YES;
				INFOPLIST_KEY_UILaunchScreen_Generation = YES;
				INFOPLIST_KEY_UISupportedInterfaceOrientations_iPad = "UIInterfaceOrientationPortrait UIInterfaceOrientationPortraitUpsideDown UIInterfaceOrientationLandscapeLeft UIInterfaceOrientationLandscapeRight";
				INFOPLIST_KEY_UISupportedInterfaceOrientations_iPhone = "UIInterfaceOrientationPortrait UIInterfaceOrientationLandscapeLeft UIInterfaceOrientationLandscapeRight";
				LD_RUNPATH_SEARCH_PATHS = (
					"$(inherited)",
					"@executable_path/Frameworks",
				);
				MARKETING_VERSION = 1.0;
				PRODUCT_BUNDLE_IDENTIFIER = "Claire-Shen-iloveyou-.onbroading-remain";
				PRODUCT_NAME = "$(TARGET_NAME)";
				STRING_CATALOG_GENERATE_SYMBOLS = YES;
				SWIFT_APPROACHABLE_CONCURRENCY = YES;
				SWIFT_DEFAULT_ACTOR_ISOLATION = MainActor;
				SWIFT_EMIT_LOC_STRINGS = YES;
				SWIFT_UPCOMING_FEATURE_MEMBER_IMPORT_VISIBILITY = YES;
				SWIFT_VERSION = 5.0;
				TARGETED_DEVICE_FAMILY = "1,2";
			};
			name = Release;
		};
/* End XCBuildConfiguration section */

/* Begin XCConfigurationList section */
		0DB7770C2F5D89080090E94F /* Build configuration list for PBXProject "onboarding_remain" */ = {
			isa = XCConfigurationList;
			buildConfigurations = (
				0DB7771A2F5D89090090E94F /* Debug */,
				0DB7771B2F5D89090090E94F /* Release */,
			);
			defaultConfigurationIsVisible = 0;
			defaultConfigurationName = Release;
		};
		0DB7771C2F5D89090090E94F /* Build configuration list for PBXNativeTarget "onbroading_remain" */ = {
			isa = XCConfigurationList;
			buildConfigurations = (
				0DB7771D2F5D89090090E94F /* Debug */,
				0DB7771E2F5D89090090E94F /* Release */,
			);
			defaultConfigurationIsVisible = 0;
			defaultConfigurationName = Release;
		};
/* End XCConfigurationList section */
	};
	rootObject = 0DB777092F5D89080090E94F /* Project object */;
}
